{
  "originHash" : "5e7f953f3bb59161252fd193c1fdee14bf1f179c2d23d1ff5ccbaf27dd24e7cd",
  "pins" : [
    {
      "identity" : "fluidaudio",
      "kind" : "remoteSourceControl",
      "location" : "https://github.com/FluidInference/FluidAudio.git",
      "state" : {
        "revision" : "503b4bd1bbf7220882de39fe8ae6716aae4132da",
        "version" : "0.17.7"
      }
    }
  ],
  "version" : 3
}
